Microsoft Visual Studio Solution File, Format Version 10.00
# Visual Studio 2008
Project("{FAE04EC0-301F-11D3-BF4B-00C04F79EFBC}") = "WinWordControl", "WinWordControl.csproj", "{12793C64-A87B-42AD-8058-57C9F43DBD98}"
EndProject
Global
	GlobalSection(SolutionConfigurationPlatforms) = preSolution
		Debug|Any CPU = Debug|Any CPU
		Release|Any CPU = Release|Any CPU
	EndGlobalSection
	GlobalSection(ProjectConfigurationPlatforms) = postSolution
		{12793C64-A87B-42AD-8058-57C9F43DBD98}.Debug|Any CPU.ActiveCfg = Debug|Any CPU
		{12793C64-A87B-42AD-8058-57C9F43DBD98}.Debug|Any CPU.Build.0 = Debug|Any CPU
		{12793C64-A87B-42AD-8058-57C9F43DBD98}.Release|Any CPU.ActiveCfg = Release|Any CPU
		{12793C64-A87B-42AD-8058-57C9F43DBD98}.Release|Any CPU.Build.0 = Release|Any CPU
	EndGlobalSection
	GlobalSection(SolutionProperties) = preSolution
		HideSolutionNode = FALSE
	EndGlobalSection
EndGlobal
